<?xml version="1.0" encoding="utf-8"?>
<Project ToolsVersion="16.0" xmlns="http://schemas.microsoft.com/developer/msbuild/2003">
  <ItemGroup>
    <CustomBuild Include="C:\Users\deni_\OneDrive\Рабочий стол\TestChat\build\debug\CMakeFiles\e4f173c08e1cff3c66dd1570e5823e52\my_ru.ts.rule">
      <Filter>CMake Rules</Filter>
    </CustomBuild>
    <CustomBuild Include="C:\Users\deni_\OneDrive\Рабочий стол\TestChat\build\debug\CMakeFiles\7feef40df08774864d57c782578f6053\translate_my_ru.rule">
      <Filter>CMake Rules</Filter>
    </CustomBuild>
    <CustomBuild Include="C:\Users\deni_\OneDrive\Рабочий стол\TestChat\CPLUS-UI-ChatCPPTest\CMakeLists.txt" />
  </ItemGroup>
  <ItemGroup>
    <None Include="C:\Users\deni_\OneDrive\Рабочий стол\TestChat\build\debug\CMakeFiles\translate_my_ru" />
  </ItemGroup>
  <ItemGroup>
    <Filter Include="CMake Rules">
      <UniqueIdentifier>{1E44F5E7-2AB6-3633-B01A-A86F1AD87049}</UniqueIdentifier>
    </Filter>
  </ItemGroup>
</Project>
